
Microsoft Visual Studio Solution File, Format Version 12.00
# Visual Studio Version 17
VisualStudioVersion = 17.4.33403.182
MinimumVisualStudioVersion = 10.0.40219.1
Project("{9A19103F-16F7-4668-BE54-9A1E7A4F7556}") = "MyBookshelf", "MyBookshelf\MyBookshelf.csproj", "{ED686740-8BAD-46A3-ADB2-B75AC9F93418}"
EndProject
Global
	GlobalSection(SolutionConfigurationPlatforms) = preSolution
		Debug|Any CPU = Debug|Any CPU
		Release|Any CPU = Release|Any CPU
	EndGlobalSection
	GlobalSection(ProjectConfigurationPlatforms) = postSolution
		{ED686740-8BAD-46A3-ADB2-B75AC9F93418}.Debug|Any CPU.ActiveCfg = Debug|Any CPU
		{ED686740-8BAD-46A3-ADB2-B75AC9F93418}.Debug|Any CPU.Build.0 = Debug|Any CPU
		{ED686740-8BAD-46A3-ADB2-B75AC9F93418}.Release|Any CPU.ActiveCfg = Release|Any CPU
		{ED686740-8BAD-46A3-ADB2-B75AC9F93418}.Release|Any CPU.Build.0 = Release|Any CPU
	EndGlobalSection
	GlobalSection(SolutionProperties) = preSolution
		HideSolutionNode = FALSE
	EndGlobalSection
	GlobalSection(ExtensibilityGlobals) = postSolution
		SolutionGuid = {F1E6663A-8163-4EED-BDD9-EA06D1DE3385}
	EndGlobalSection
EndGlobal
